
Microsoft Visual Studio Solution File, Format Version 12.00
# Visual Studio 15
VisualStudioVersion = 15.0.26730.16
MinimumVisualStudioVersion = 10.0.40219.1
Project("{FAE04EC0-301F-11D3-BF4B-00C04F79EFBC}") = "BilgeAdam.Northwind.MVC", "BilgeAdam.Northwind.MVC\BilgeAdam.Northwind.MVC.csproj", "{87FD2BC0-6168-4761-A770-4D59E4FE337D}"
EndProject
Project("{FAE04EC0-301F-11D3-BF4B-00C04F79EFBC}") = "BilgeAdam.Northwind.CoreMVC", "BilgeAdam.Northwind.CoreMVC\BilgeAdam.Northwind.CoreMVC.csproj", "{A40DBC93-4AD0-49AF-9E36-881928F187FE}"
EndProject
Global
	GlobalSection(SolutionConfigurationPlatforms) = preSolution
		Debug|Any CPU = Debug|Any CPU
		Release|Any CPU = Release|Any CPU
	EndGlobalSection
	GlobalSection(ProjectConfigurationPlatforms) = postSolution
		{87FD2BC0-6168-4761-A770-4D59E4FE337D}.Debug|Any CPU.ActiveCfg = Debug|Any CPU
		{87FD2BC0-6168-4761-A770-4D59E4FE337D}.Debug|Any CPU.Build.0 = Debug|Any CPU
		{87FD2BC0-6168-4761-A770-4D59E4FE337D}.Release|Any CPU.ActiveCfg = Release|Any CPU
		{87FD2BC0-6168-4761-A770-4D59E4FE337D}.Release|Any CPU.Build.0 = Release|Any CPU
		{A40DBC93-4AD0-49AF-9E36-881928F187FE}.Debug|Any CPU.ActiveCfg = Debug|Any CPU
		{A40DBC93-4AD0-49AF-9E36-881928F187FE}.Debug|Any CPU.Build.0 = Debug|Any CPU
		{A40DBC93-4AD0-49AF-9E36-881928F187FE}.Release|Any CPU.ActiveCfg = Release|Any CPU
		{A40DBC93-4AD0-49AF-9E36-881928F187FE}.Release|Any CPU.Build.0 = Release|Any CPU
	EndGlobalSection
	GlobalSection(SolutionProperties) = preSolution
		HideSolutionNode = FALSE
	EndGlobalSection
	GlobalSection(ExtensibilityGlobals) = postSolution
		SolutionGuid = {6EDC226B-4AE9-4E5C-A306-01334515DAD0}
	EndGlobalSection
EndGlobal
